// !$*UTF8*$!
{
	archiveVersion = 1;
	classes = {
	};
	objectVersion = 55;
	objects = {

/* Begin PBXBuildFile section */
		9BEDB31B2834B5DC00D38D59 /* AppDelegate.swift in Sources */ = {isa = PBXBuildFile; fileRef = 9BEDB31A2834B5DC00D38D59 /* AppDelegate.swift */; };
		9BEDB31D2834B5DC00D38D59 /* SceneDelegate.swift in Sources */ = {isa = PBXBuildFile; fileRef = 9BEDB31C2834B5DC00D38D59 /* SceneDelegate.swift */; };
		9BEDB31F2834B5DC00D38D59 /* ViewController.swift in Sources */ = {isa = PBXBuildFile; fileRef = 9BEDB31E2834B5DC00D38D59 /* ViewController.swift */; };
		9BEDB3222834B5DC00D38D59 /* Main.storyboard in Resources */ = {isa = PBXBuildFile; fileRef = 9BEDB3202834B5DC00D38D59 /* Main.storyboard */; };
		9BEDB3242834B5E000D38D59 /* Assets.xcassets in Resources */ = {isa = PBXBuildFile; fileRef = 9BEDB3232834B5E000D38D59 /* Assets.xcassets */; };
		9BEDB3272834B5E000D38D59 /* LaunchScreen.storyboard in Resources */ = {isa = PBXBuildFile; fileRef = 9BEDB3252834B5E000D38D59 /* LaunchScreen.storyboard */; };
		9BEDB3322834B5E000D38D59 /* BarberShopTests.swift in Sources */ = {isa = PBXBuildFile; fileRef = 9BEDB3312834B5E000D38D59 /* BarberShopTests.swift */; };
		9BEDB33C2834B5E100D38D59 /* BarberShopUITests.swift in Sources */ = {isa = PBXBuildFile; fileRef = 9BEDB33B2834B5E100D38D59 /* BarberShopUITests.swift */; };
		9BEDB33E2834B5E100D38D59 /* BarberShopUITestsLaunchTests.swift in Sources */ = {isa = PBXBuildFile; fileRef = 9BEDB33D2834B5E100D38D59 /* BarberShopUITestsLaunchTests.swift */; };
/* End PBXBuildFile section */

/* Begin PBXContainerItemProxy section */
		9BEDB32E2834B5E000D38D59 /* PBXContainerItemProxy */ = {
			isa = PBXContainerItemProxy;
			containerPortal = 9BEDB30F2834B5DC00D38D59 /* Project object */;
			proxyType = 1;
			remoteGlobalIDString = 9BEDB3162834B5DC00D38D59;
			remoteInfo = BarberShop;
		};
		9BEDB3382834B5E100D38D59 /* PBXContainerItemProxy */ = {
			isa = PBXContainerItemProxy;
			containerPortal = 9BEDB30F2834B5DC00D38D59 /* Project object */;
			proxyType = 1;
			remoteGlobalIDString = 9BEDB3162834B5DC00D38D59;
			remoteInfo = BarberShop;
		};
/* End PBXContainerItemProxy section */

/* Begin PBXFileReference section */
		9BEDB3172834B5DC00D38D59 /* BarberShop.app */ = {isa = PBXFileReference; explicitFileType = wrapper.application; includeInIndex = 0; path = BarberShop.app; sourceTree = BUILT_PRODUCTS_DIR; };
		9BEDB31A2834B5DC00D38D59 /* AppDelegate.swift */ = {isa = PBXFileReference; lastKnownFileType = sourcecode.swift; path = AppDelegate.swift; sourceTree = "<group>"; };
		9BEDB31C2834B5DC00D38D59 /* SceneDelegate.swift */ = {isa = PBXFileReference; lastKnownFileType = sourcecode.swift; path = SceneDelegate.swift; sourceTree = "<group>"; };
		9BEDB31E2834B5DC00D38D59 /* ViewController.swift */ = {isa = PBXFileReference; lastKnownFileType = sourcecode.swift; path = ViewController.swift; sourceTree = "<group>"; };
		9BEDB3212834B5DC00D38D59 /* Base */ = {isa = PBXFileReference; lastKnownFileType = file.storyboard; name = Base; path = Base.lproj/Main.storyboard; sourceTree = "<group>"; };
		9BEDB3232834B5E000D38D59 /* Assets.xcassets */ = {isa = PBXFileReference; lastKnownFileType = folder.assetcatalog; path = Assets.xcassets; sourceTree = "<group>"; };
		9BEDB3262834B5E000D38D59 /* Base */ = {isa = PBXFileReference; lastKnownFileType = file.storyboard; name = Base; path = Base.lproj/LaunchScreen.storyboard; sourceTree = "<group>"; };
		9BEDB3282834B5E000D38D59 /* Info.plist */ = {isa = PBXFileReference; lastKnownFileType = text.plist.xml; path = Info.plist; sourceTree = "<group>"; };
		9BEDB32D2834B5E000D38D59 /* BarberShopTests.xctest */ = {isa = PBXFileReference; explicitFileType = wrapper.cfbundle; includeInIndex = 0; path = BarberShopTests.xctest; sourceTree = BUILT_PRODUCTS_DIR; };
		9BEDB3312834B5E000D38D59 /* BarberShopTests.swift */ = {isa = PBXFileReference; lastKnownFileType = sourcecode.swift; path = BarberShopTests.swift; sourceTree = "<group>"; };
		9BEDB3372834B5E100D38D59 /* BarberShopUITests.xctest */ = {isa = PBXFileReference; explicitFileType = wrapper.cfbundle; includeInIndex = 0; path = BarberShopUITests.xctest; sourceTree = BUILT_PRODUCTS_DIR; };
		9BEDB33B2834B5E100D38D59 /* BarberShopUITests.swift */ = {isa = PBXFileReference; lastKnownFileType = sourcecode.swift; path = BarberShopUITests.swift; sourceTree = "<group>"; };
		9BEDB33D2834B5E100D38D59 /* BarberShopUITestsLaunchTests.swift */ = {isa = PBXFileReference; lastKnownFileType = sourcecode.swift; path = BarberShopUITestsLaunchTests.swift; sourceTree = "<group>"; };
/* End PBXFileReference section */

/* Begin PBXFrameworksBuildPhase section */
		9BEDB3142834B5DC00D38D59 /* Frameworks */ = {
			isa = PBXFrameworksBuildPhase;
			buildActionMask = 2147483647;
			files = (
			);
			runOnlyForDeploymentPostprocessing = 0;
		};
		9BEDB32A2834B5E000D38D59 /* Frameworks */ = {
			isa = PBXFrameworksBuildPhase;
			buildActionMask = 2147483647;
			files = (
			);
			runOnlyForDeploymentPostprocessing = 0;
		};
		9BEDB3342834B5E100D38D59 /* Frameworks */ = {
			isa = PBXFrameworksBuildPhase;
			buildActionMask = 2147483647;
			files = (
			);
			runOnlyForDeploymentPostprocessing = 0;
		};
/* End PBXFrameworksBuildPhase section */

/* Begin PBXGroup section */
		9BEDB30E2834B5DC00D38D59 = {
			isa = PBXGroup;
			children = (
				9BEDB3192834B5DC00D38D59 /* BarberShop */,
				9BEDB3302834B5E000D38D59 /* BarberShopTests */,
				9BEDB33A2834B5E100D38D59 /* BarberShopUITests */,
				9BEDB3182834B5DC00D38D59 /* Products */,
			);
			sourceTree = "<group>";
		};
		9BEDB3182834B5DC00D38D59 /* Products */ = {
			isa = PBXGroup;
			children = (
				9BEDB3172834B5DC00D38D59 /* BarberShop.app */,
				9BEDB32D2834B5E000D38D59 /* BarberShopTests.xctest */,
				9BEDB3372834B5E100D38D59 /* BarberShopUITests.xctest */,
			);
			name = Products;
			sourceTree = "<group>";
		};
		9BEDB3192834B5DC00D38D59 /* BarberShop */ = {
			isa = PBXGroup;
			children = (
				9BEDB31A2834B5DC00D38D59 /* AppDelegate.swift */,
				9BEDB31C2834B5DC00D38D59 /* SceneDelegate.swift */,
				9BEDB31E2834B5DC00D38D59 /* ViewController.swift */,
				9BEDB3202834B5DC00D38D59 /* Main.storyboard */,
				9BEDB3232834B5E000D38D59 /* Assets.xcassets */,
				9BEDB3252834B5E000D38D59 /* LaunchScreen.storyboard */,
				9BEDB3282834B5E000D38D59 /* Info.plist */,
			);
			path = BarberShop;
			sourceTree = "<group>";
		};
		9BEDB3302834B5E000D38D59 /* BarberShopTests */ = {
			isa = PBXGroup;
			children = (
				9BEDB3312834B5E000D38D59 /* BarberShopTests.swift */,
			);
			path = BarberShopTests;
			sourceTree = "<group>";
		};
		9BEDB33A2834B5E100D38D59 /* BarberShopUITests */ = {
			isa = PBXGroup;
			children = (
				9BEDB33B2834B5E100D38D59 /* BarberShopUITests.swift */,
				9BEDB33D2834B5E100D38D59 /* BarberShopUITestsLaunchTests.swift */,
			);
			path = BarberShopUITests;
			sourceTree = "<group>";
		};
/* End PBXGroup section */

/* Begin PBXNativeTarget section */
		9BEDB3162834B5DC00D38D59 /* BarberShop */ = {
			isa = PBXNativeTarget;
			buildConfigurationList = 9BEDB3412834B5E100D38D59 /* Build configuration list for PBXNativeTarget "BarberShop" */;
			buildPhases = (
				9BEDB3132834B5DC00D38D59 /* Sources */,
				9BEDB3142834B5DC00D38D59 /* Frameworks */,
				9BEDB3152834B5DC00D38D59 /* Resources */,
			);
			buildRules = (
			);
			dependencies = (
			);
			name = BarberShop;
			productName = BarberShop;
			productReference = 9BEDB3172834B5DC00D38D59 /* BarberShop.app */;
			productType = "com.apple.product-type.application";
		};
		9BEDB32C2834B5E000D38D59 /* BarberShopTests */ = {
			isa = PBXNativeTarget;
			buildConfigurationList = 9BEDB3442834B5E100D38D59 /* Build configuration list for PBXNativeTarget "BarberShopTests" */;
			buildPhases = (
				9BEDB3292834B5E000D38D59 /* Sources */,
				9BEDB32A2834B5E000D38D59 /* Frameworks */,
				9BEDB32B2834B5E000D38D59 /* Resources */,
			);
			buildRules = (
			);
			dependencies = (
				9BEDB32F2834B5E000D38D59 /* PBXTargetDependency */,
			);
			name = BarberShopTests;
			productName = BarberShopTests;
			productReference = 9BEDB32D2834B5E000D38D59 /* BarberShopTests.xctest */;
			productType = "com.apple.product-type.bundle.unit-test";
		};
		9BEDB3362834B5E100D38D59 /* BarberShopUITests */ = {
			isa = PBXNativeTarget;
			buildConfigurationList = 9BEDB3472834B5E100D38D59 /* Build configuration list for PBXNativeTarget "BarberShopUITests" */;
			buildPhases = (
				9BEDB3332834B5E100D38D59 /* Sources */,
				9BEDB3342834B5E100D38D59 /* Frameworks */,
				9BEDB3352834B5E100D38D59 /* Resources */,
			);
			buildRules = (
			);
			dependencies = (
				9BEDB3392834B5E100D38D59 /* PBXTargetDependency */,
			);
			name = BarberShopUITests;
			productName = BarberShopUITests;
			productReference = 9BEDB3372834B5E100D38D59 /* BarberShopUITests.xctest */;
			productType = "com.apple.product-type.bundle.ui-testing";
		};
/* End PBXNativeTarget section */

/* Begin PBXProject section */
		9BEDB30F2834B5DC00D38D59 /* Project object */ = {
			isa = PBXProject;
			attributes = {
				BuildIndependentTargetsInParallel = 1;
				LastSwiftUpdateCheck = 1340;
				LastUpgradeCheck = 1340;
				TargetAttributes = {
					9BEDB3162834B5DC00D38D59 = {
						CreatedOnToolsVersion = 13.4;
					};
					9BEDB32C2834B5E000D38D59 = {
						CreatedOnToolsVersion = 13.4;
						TestTargetID = 9BEDB3162834B5DC00D38D59;
					};
					9BEDB3362834B5E100D38D59 = {
						CreatedOnToolsVersion = 13.4;
						TestTargetID = 9BEDB3162834B5DC00D38D59;
					};
				};
			};
			buildConfigurationList = 9BEDB3122834B5DC00D38D59 /* Build configuration list for PBXProject "BarberShop" */;
			compatibilityVersion = "Xcode 13.0";
			developmentRegion = en;
			hasScannedForEncodings = 0;
			knownRegions = (
				en,
				Base,
			);
			mainGroup = 9BEDB30E2834B5DC00D38D59;
			productRefGroup = 9BEDB3182834B5DC00D38D59 /* Products */;
			projectDirPath = "";
			projectRoot = "";
			targets = (
				9BEDB3162834B5DC00D38D59 /* BarberShop */,
				9BEDB32C2834B5E000D38D59 /* BarberShopTests */,
				9BEDB3362834B5E100D38D59 /* BarberShopUITests */,
			);
		};
/* End PBXProject section */

/* Begin PBXResourcesBuildPhase section */
		9BEDB3152834B5DC00D38D59 /* Resources */ = {
			isa = PBXResourcesBuildPhase;
			buildActionMask = 2147483647;
			files = (
				9BEDB3272834B5E000D38D59 /* LaunchScreen.storyboard in Resources */,
				9BEDB3242834B5E000D38D59 /* Assets.xcassets in Resources */,
				9BEDB3222834B5DC00D38D59 /* Main.storyboard in Resources */,
			);
			runOnlyForDeploymentPostprocessing = 0;
		};
		9BEDB32B2834B5E000D38D59 /* Resources */ = {
			isa = PBXResourcesBuildPhase;
			buildActionMask = 2147483647;
			files = (
			);
			runOnlyForDeploymentPostprocessing = 0;
		};
		9BEDB3352834B5E100D38D59 /* Resources */ = {
			isa = PBXResourcesBuildPhase;
			buildActionMask = 2147483647;
			files = (
			);
			runOnlyForDeploymentPostprocessing = 0;
		};
/* End PBXResourcesBuildPhase section */

/* Begin PBXSourcesBuildPhase section */
		9BEDB3132834B5DC00D38D59 /* Sources */ = {
			isa = PBXSourcesBuildPhase;
			buildActionMask = 2147483647;
			files = (
				9BEDB31F2834B5DC00D38D59 /* ViewController.swift in Sources */,
				9BEDB31B2834B5DC00D38D59 /* AppDelegate.swift in Sources */,
				9BEDB31D2834B5DC00D38D59 /* SceneDelegate.swift in Sources */,
			);
			runOnlyForDeploymentPostprocessing = 0;
		};
		9BEDB3292834B5E000D38D59 /* Sources */ = {
			isa = PBXSourcesBuildPhase;
			buildActionMask = 2147483647;
			files = (
				9BEDB3322834B5E000D38D59 /* BarberShopTests.swift in Sources */,
			);
			runOnlyForDeploymentPostprocessing = 0;
		};
		9BEDB3332834B5E100D38D59 /* Sources */ = {
			isa = PBXSourcesBuildPhase;
			buildActionMask = 2147483647;
			files = (
				9BEDB33E2834B5E100D38D59 /* BarberShopUITestsLaunchTests.swift in Sources */,
				9BEDB33C2834B5E100D38D59 /* BarberShopUITests.swift in Sources */,
			);
			runOnlyForDeploymentPostprocessing = 0;
		};
/* End PBXSourcesBuildPhase section */

/* Begin PBXTargetDependency section */
		9BEDB32F2834B5E000D38D59 /* PBXTargetDependency */ = {
			isa = PBXTargetDependency;
			target = 9BEDB3162834B5DC00D38D59 /* BarberShop */;
			targetProxy = 9BEDB32E2834B5E000D38D59 /* PBXContainerItemProxy */;
		};
		9BEDB3392834B5E100D38D59 /* PBXTargetDependency */ = {
			isa = PBXTargetDependency;
			target = 9BEDB3162834B5DC00D38D59 /* BarberShop */;
			targetProxy = 9BEDB3382834B5E100D38D59 /* PBXContainerItemProxy */;
		};
/* End PBXTargetDependency section */

/* Begin PBXVariantGroup section */
		9BEDB3202834B5DC00D38D59 /* Main.storyboard */ = {
			isa = PBXVariantGroup;
			children = (
				9BEDB3212834B5DC00D38D59 /* Base */,
			);
			name = Main.storyboard;
			sourceTree = "<group>";
		};
		9BEDB3252834B5E000D38D59 /* LaunchScreen.storyboard */ = {
			isa = PBXVariantGroup;
			children = (
				9BEDB3262834B5E000D38D59 /* Base */,
			);
			name = LaunchScreen.storyboard;
			sourceTree = "<group>";
		};
/* End PBXVariantGroup section */

/* Begin XCBuildConfiguration section */
		9BEDB33F2834B5E100D38D59 /* Debug */ = {
			isa = XCBuildConfiguration;
			buildSettings = {
				ALWAYS_SEARCH_USER_PATHS = NO;
				CLANG_ANALYZER_NONNULL = YES;
				CLANG_ANALYZER_NUMBER_OBJECT_CONVERSION = YES_AGGRESSIVE;
				CLANG_CXX_LANGUAGE_STANDARD = "gnu++17";
				CLANG_ENABLE_MODULES = YES;
				CLANG_ENABLE_OBJC_ARC = YES;
				CLANG_ENABLE_OBJC_WEAK = YES;
				CLANG_WARN_BLOCK_CAPTURE_AUTORELEASING = YES;
				CLANG_WARN_BOOL_CONVERSION = YES;
				CLANG_WARN_COMMA = YES;
				CLANG_WARN_CONSTANT_CONVERSION = YES;
				CLANG_WARN_DEPRECATED_OBJC_IMPLEMENTATIONS = YES;
				CLANG_WARN_DIRECT_OBJC_ISA_USAGE = YES_ERROR;
				CLANG_WARN_DOCUMENTATION_COMMENTS = YES;
				CLANG_WARN_EMPTY_BODY = YES;
				CLANG_WARN_ENUM_CONVERSION = YES;
				CLANG_WARN_INFINITE_RECURSION = YES;
				CLANG_WARN_INT_CONVERSION = YES;
				CLANG_WARN_NON_LITERAL_NULL_CONVERSION = YES;
				CLANG_WARN_OBJC_IMPLICIT_RETAIN_SELF = YES;
				CLANG_WARN_OBJC_LITERAL_CONVERSION = YES;
				CLANG_WARN_OBJC_ROOT_CLASS = YES_ERROR;
				CLANG_WARN_QUOTED_INCLUDE_IN_FRAMEWORK_HEADER = YES;
				CLANG_WARN_RANGE_LOOP_ANALYSIS = YES;
				CLANG_WARN_STRICT_PROTOTYPES = YES;
				CLANG_WARN_SUSPICIOUS_MOVE = YES;
				CLANG_WARN_UNGUARDED_AVAILABILITY = YES_AGGRESSIVE;
				CLANG_WARN_UNREACHABLE_CODE = YES;
				CLANG_WARN__DUPLICATE_METHOD_MATCH = YES;
				COPY_PHASE_STRIP = NO;
				DEBUG_INFORMATION_FORMAT = dwarf;
				ENABLE_STRICT_OBJC_MSGSEND = YES;
				ENABLE_TESTABILITY = YES;
				GCC_C_LANGUAGE_STANDARD = gnu11;
				GCC_DYNAMIC_NO_PIC = NO;
				GCC_NO_COMMON_BLOCKS = YES;
				GCC_OPTIMIZATION_LEVEL = 0;
				GCC_PREPROCESSOR_DEFINITIONS = (
					"DEBUG=1",
					"$(inherited)",
				);
				GCC_WARN_64_TO_32_BIT_CONVERSION = YES;
				GCC_WARN_ABOUT_RETURN_TYPE = YES_ERROR;
				GCC_WARN_UNDECLARED_SELECTOR = YES;
				GCC_WARN_UNINITIALIZED_AUTOS = YES_AGGRESSIVE;
				GCC_WARN_UNUSED_FUNCTION = YES;
				GCC_WARN_UNUSED_VARIABLE = YES;
				IPHONEOS_DEPLOYMENT_TARGET = 15.5;
				MTL_ENABLE_DEBUG_INFO = INCLUDE_SOURCE;
				MTL_FAST_MATH = YES;
				ONLY_ACTIVE_ARCH = YES;
				SDKROOT = iphoneos;
				SWIFT_ACTIVE_COMPILATION_CONDITIONS = DEBUG;
				SWIFT_OPTIMIZATION_LEVEL = "-Onone";
			};
			name = Debug;
		};
		9BEDB3402834B5E100D38D59 /* Release */ = {
			isa = XCBuildConfiguration;
			buildSettings = {
				ALWAYS_SEARCH_USER_PATHS = NO;
				CLANG_ANALYZER_NONNULL = YES;
				CLANG_ANALYZER_NUMBER_OBJECT_CONVERSION = YES_AGGRESSIVE;
				CLANG_CXX_LANGUAGE_STANDARD = "gnu++17";
				CLANG_ENABLE_MODULES = YES;
				CLANG_ENABLE_OBJC_ARC = YES;
				CLANG_ENABLE_OBJC_WEAK = YES;
				CLANG_WARN_BLOCK_CAPTURE_AUTORELEASING = YES;
				CLANG_WARN_BOOL_CONVERSION = YES;
				CLANG_WARN_COMMA = YES;
				CLANG_WARN_CONSTANT_CONVERSION = YES;
				CLANG_WARN_DEPRECATED_OBJC_IMPLEMENTATIONS = YES;
				CLANG_WARN_DIRECT_OBJC_ISA_USAGE = YES_ERROR;
				CLANG_WARN_DOCUMENTATION_COMMENTS = YES;
				CLANG_WARN_EMPTY_BODY = YES;
				CLANG_WARN_ENUM_CONVERSION = YES;
				CLANG_WARN_INFINITE_RECURSION = YES;
				CLANG_WARN_INT_CONVERSION = YES;
				CLANG_WARN_NON_LITERAL_NULL_CONVERSION = YES;
				CLANG_WARN_OBJC_IMPLICIT_RETAIN_SELF = YES;
				CLANG_WARN_OBJC_LITERAL_CONVERSION = YES;
				CLANG_WARN_OBJC_ROOT_CLASS = YES_ERROR;
				CLANG_WARN_QUOTED_INCLUDE_IN_FRAMEWORK_HEADER = YES;
				CLANG_WARN_RANGE_LOOP_ANALYSIS = YES;
				CLANG_WARN_STRICT_PROTOTYPES = YES;
				CLANG_WARN_SUSPICIOUS_MOVE = YES;
				CLANG_WARN_UNGUARDED_AVAILABILITY = YES_AGGRESSIVE;
				CLANG_WARN_UNREACHABLE_CODE = YES;
				CLANG_WARN__DUPLICATE_METHOD_MATCH = YES;
				COPY_PHASE_STRIP = NO;
				DEBUG_INFORMATION_FORMAT = "dwarf-with-dsym";
				ENABLE_NS_ASSERTIONS = NO;
				ENABLE_STRICT_OBJC_MSGSEND = YES;
				GCC_C_LANGUAGE_STANDARD = gnu11;
				GCC_NO_COMMON_BLOCKS = YES;
				GCC_WARN_64_TO_32_BIT_CONVERSION = YES;
				GCC_WARN_ABOUT_RETURN_TYPE = YES_ERROR;
				GCC_WARN_UNDECLARED_SELECTOR = YES;
				GCC_WARN_UNINITIALIZED_AUTOS = YES_AGGRESSIVE;
				GCC_WARN_UNUSED_FUNCTION = YES;
				GCC_WARN_UNUSED_VARIABLE = YES;
				IPHONEOS_DEPLOYMENT_TARGET = 15.5;
				MTL_ENABLE_DEBUG_INFO = NO;
				MTL_FAST_MATH = YES;
				SDKROOT = iphoneos;
				SWIFT_COMPILATION_MODE = wholemodule;
				SWIFT_OPTIMIZATION_LEVEL = "-O";
				VALIDATE_PRODUCT = YES;
			};
			name = Release;
		};
		9BEDB3422834B5E100D38D59 /* Debug */ = {
			isa = XCBuildConfiguration;
			buildSettings = {
				ASSETCATALOG_COMPILER_APPICON_NAME = AppIcon;
				ASSETCATALOG_COMPILER_GLOBAL_ACCENT_COLOR_NAME = AccentColor;
				CODE_SIGN_STYLE = Automatic;
				CURRENT_PROJECT_VERSION = 1;
				GENERATE_INFOPLIST_FILE = YES;
				INFOPLIST_FILE = BarberShop/Info.plist;
				INFOPLIST_KEY_UIApplicationSupportsIndirectInputEvents = YES;
				INFOPLIST_KEY_UILaunchStoryboardName = LaunchScreen;
				INFOPLIST_KEY_UIMainStoryboardFile = Main;
				INFOPLIST_KEY_UISupportedInterfaceOrientations_iPad = "UIInterfaceOrientationPortrait UIInterfaceOrientationPortraitUpsideDown UIInterfaceOrientationLandscapeLeft UIInterfaceOrientationLandscapeRight";
				INFOPLIST_KEY_UISupportedInterfaceOrientations_iPhone = "UIInterfaceOrientationPortrait UIInterfaceOrientationLandscapeLeft UIInterfaceOrientationLandscapeRight";
				LD_RUNPATH_SEARCH_PATHS = (
					"$(inherited)",
					"@executable_path/Frameworks",
				);
				MARKETING_VERSION = 1.0;
				PRODUCT_BUNDLE_IDENTIFIER = vn.edu.tdc.BarberShop;
				PRODUCT_NAME = "$(TARGET_NAME)";
				SWIFT_EMIT_LOC_STRINGS = YES;
				SWIFT_VERSION = 5.0;
				TARGETED_DEVICE_FAMILY = "1,2";
			};
			name = Debug;
		};
		9BEDB3432834B5E100D38D59 /* Release */ = {
			isa = XCBuildConfiguration;
			buildSettings = {
				ASSETCATALOG_COMPILER_APPICON_NAME = AppIcon;
				ASSETCATALOG_COMPILER_GLOBAL_ACCENT_COLOR_NAME = AccentColor;
				CODE_SIGN_STYLE = Automatic;
				CURRENT_PROJECT_VERSION = 1;
				GENERATE_INFOPLIST_FILE = YES;
				INFOPLIST_FILE = BarberShop/Info.plist;
				INFOPLIST_KEY_UIApplicationSupportsIndirectInputEvents = YES;
				INFOPLIST_KEY_UILaunchStoryboardName = LaunchScreen;
				INFOPLIST_KEY_UIMainStoryboardFile = Main;
				INFOPLIST_KEY_UISupportedInterfaceOrientations_iPad = "UIInterfaceOrientationPortrait UIInterfaceOrientationPortraitUpsideDown UIInterfaceOrientationLandscapeLeft UIInterfaceOrientationLandscapeRight";
				INFOPLIST_KEY_UISupportedInterfaceOrientations_iPhone = "UIInterfaceOrientationPortrait UIInterfaceOrientationLandscapeLeft UIInterfaceOrientationLandscapeRight";
				LD_RUNPATH_SEARCH_PATHS = (
					"$(inherited)",
					"@executable_path/Frameworks",
				);
				MARKETING_VERSION = 1.0;
				PRODUCT_BUNDLE_IDENTIFIER = vn.edu.tdc.BarberShop;
				PRODUCT_NAME = "$(TARGET_NAME)";
				SWIFT_EMIT_LOC_STRINGS = YES;
				SWIFT_VERSION = 5.0;
				TARGETED_DEVICE_FAMILY = "1,2";
			};
			name = Release;
		};
		9BEDB3452834B5E100D38D59 /* Debug */ = {
			isa = XCBuildConfiguration;
			buildSettings = {
				ALWAYS_EMBED_SWIFT_STANDARD_LIBRARIES = YES;
				BUNDLE_LOADER = "$(TEST_HOST)";
				CODE_SIGN_STYLE = Automatic;
				CURRENT_PROJECT_VERSION = 1;
				GENERATE_INFOPLIST_FILE = YES;
				IPHONEOS_DEPLOYMENT_TARGET = 15.5;
				MARKETING_VERSION = 1.0;
				PRODUCT_BUNDLE_IDENTIFIER = vn.edu.tdc.BarberShopTests;
				PRODUCT_NAME = "$(TARGET_NAME)";
				SWIFT_EMIT_LOC_STRINGS = NO;
				SWIFT_VERSION = 5.0;
				TARGETED_DEVICE_FAMILY = "1,2";
				TEST_HOST = "$(BUILT_PRODUCTS_DIR)/BarberShop.app/BarberShop";
			};
			name = Debug;
		};
		9BEDB3462834B5E100D38D59 /* Release */ = {
			isa = XCBuildConfiguration;
			buildSettings = {
				ALWAYS_EMBED_SWIFT_STANDARD_LIBRARIES = YES;
				BUNDLE_LOADER = "$(TEST_HOST)";
				CODE_SIGN_STYLE = Automatic;
				CURRENT_PROJECT_VERSION = 1;
				GENERATE_INFOPLIST_FILE = YES;
				IPHONEOS_DEPLOYMENT_TARGET = 15.5;
				MARKETING_VERSION = 1.0;
				PRODUCT_BUNDLE_IDENTIFIER = vn.edu.tdc.BarberShopTests;
				PRODUCT_NAME = "$(TARGET_NAME)";
				SWIFT_EMIT_LOC_STRINGS = NO;
				SWIFT_VERSION = 5.0;
				TARGETED_DEVICE_FAMILY = "1,2";
				TEST_HOST = "$(BUILT_PRODUCTS_DIR)/BarberShop.app/BarberShop";
			};
			name = Release;
		};
		9BEDB3482834B5E100D38D59 /* Debug */ = {
			isa = XCBuildConfiguration;
			buildSettings = {
				ALWAYS_EMBED_SWIFT_STANDARD_LIBRARIES = YES;
				CODE_SIGN_STYLE = Automatic;
				CURRENT_PROJECT_VERSION = 1;
				GENERATE_INFOPLIST_FILE = YES;
				MARKETING_VERSION = 1.0;
				PRODUCT_BUNDLE_IDENTIFIER = vn.edu.tdc.BarberShopUITests;
				PRODUCT_NAME = "$(TARGET_NAME)";
				SWIFT_EMIT_LOC_STRINGS = NO;
				SWIFT_VERSION = 5.0;
				TARGETED_DEVICE_FAMILY = "1,2";
				TEST_TARGET_NAME = BarberShop;
			};
			name = Debug;
		};
		9BEDB3492834B5E100D38D59 /* Release */ = {
			isa = XCBuildConfiguration;
			buildSettings = {
				ALWAYS_EMBED_SWIFT_STANDARD_LIBRARIES = YES;
				CODE_SIGN_STYLE = Automatic;
				CURRENT_PROJECT_VERSION = 1;
				GENERATE_INFOPLIST_FILE = YES;
				MARKETING_VERSION = 1.0;
				PRODUCT_BUNDLE_IDENTIFIER = vn.edu.tdc.BarberShopUITests;
				PRODUCT_NAME = "$(TARGET_NAME)";
				SWIFT_EMIT_LOC_STRINGS = NO;
				SWIFT_VERSION = 5.0;
				TARGETED_DEVICE_FAMILY = "1,2";
				TEST_TARGET_NAME = BarberShop;
			};
			name = Release;
		};
/* End XCBuildConfiguration section */

/* Begin XCConfigurationList section */
		9BEDB3122834B5DC00D38D59 /* Build configuration list for PBXProject "BarberShop" */ = {
			isa = XCConfigurationList;
			buildConfigurations = (
				9BEDB33F2834B5E100D38D59 /* Debug */,
				9BEDB3402834B5E100D38D59 /* Release */,
			);
			defaultConfigurationIsVisible = 0;
			defaultConfigurationName = Release;
		};
		9BEDB3412834B5E100D38D59 /* Build configuration list for PBXNativeTarget "BarberShop" */ = {
			isa = XCConfigurationList;
			buildConfigurations = (
				9BEDB3422834B5E100D38D59 /* Debug */,
				9BEDB3432834B5E100D38D59 /* Release */,
			);
			defaultConfigurationIsVisible = 0;
			defaultConfigurationName = Release;
		};
		9BEDB3442834B5E100D38D59 /* Build configuration list for PBXNativeTarget "BarberShopTests" */ = {
			isa = XCConfigurationList;
			buildConfigurations = (
				9BEDB3452834B5E100D38D59 /* Debug */,
				9BEDB3462834B5E100D38D59 /* Release */,
			);
			defaultConfigurationIsVisible = 0;
			defaultConfigurationName = Release;
		};
		9BEDB3472834B5E100D38D59 /* Build configuration list for PBXNativeTarget "BarberShopUITests" */ = {
			isa = XCConfigurationList;
			buildConfigurations = (
				9BEDB3482834B5E100D38D59 /* Debug */,
				9BEDB3492834B5E100D38D59 /* Release */,
			);
			defaultConfigurationIsVisible = 0;
			defaultConfigurationName = Release;
		};
/* End XCConfigurationList section */
	};
	rootObject = 9BEDB30F2834B5DC00D38D59 /* Project object */;
}
