// !$*UTF8*$!
{
	archiveVersion = 1;
	classes = {
	};
	objectVersion = 55;
	objects = {

/* Begin PBXBuildFile section */
		9B8393762834C88A00460DAD /* AppDelegate.swift in Sources */ = {isa = PBXBuildFile; fileRef = 9B8393752834C88A00460DAD /* AppDelegate.swift */; };
		9B8393782834C88A00460DAD /* SceneDelegate.swift in Sources */ = {isa = PBXBuildFile; fileRef = 9B8393772834C88A00460DAD /* SceneDelegate.swift */; };
		9B83937A2834C88A00460DAD /* ViewController.swift in Sources */ = {isa = PBXBuildFile; fileRef = 9B8393792834C88A00460DAD /* ViewController.swift */; };
		9B83937D2834C88A00460DAD /* Main.storyboard in Resources */ = {isa = PBXBuildFile; fileRef = 9B83937B2834C88A00460DAD /* Main.storyboard */; };
		9B83937F2834C88B00460DAD /* Assets.xcassets in Resources */ = {isa = PBXBuildFile; fileRef = 9B83937E2834C88B00460DAD /* Assets.xcassets */; };
		9B8393822834C88B00460DAD /* LaunchScreen.storyboard in Resources */ = {isa = PBXBuildFile; fileRef = 9B8393802834C88B00460DAD /* LaunchScreen.storyboard */; };
		9B83938D2834C88B00460DAD /* barbershopTests.swift in Sources */ = {isa = PBXBuildFile; fileRef = 9B83938C2834C88B00460DAD /* barbershopTests.swift */; };
		9B8393972834C88B00460DAD /* barbershopUITests.swift in Sources */ = {isa = PBXBuildFile; fileRef = 9B8393962834C88B00460DAD /* barbershopUITests.swift */; };
		9B8393992834C88B00460DAD /* barbershopUITestsLaunchTests.swift in Sources */ = {isa = PBXBuildFile; fileRef = 9B8393982834C88B00460DAD /* barbershopUITestsLaunchTests.swift */; };
/* End PBXBuildFile section */

/* Begin PBXContainerItemProxy section */
		9B8393892834C88B00460DAD /* PBXContainerItemProxy */ = {
			isa = PBXContainerItemProxy;
			containerPortal = 9B83936A2834C88900460DAD /* Project object */;
			proxyType = 1;
			remoteGlobalIDString = 9B8393712834C88A00460DAD;
			remoteInfo = barbershop;
		};
		9B8393932834C88B00460DAD /* PBXContainerItemProxy */ = {
			isa = PBXContainerItemProxy;
			containerPortal = 9B83936A2834C88900460DAD /* Project object */;
			proxyType = 1;
			remoteGlobalIDString = 9B8393712834C88A00460DAD;
			remoteInfo = barbershop;
		};
/* End PBXContainerItemProxy section */

/* Begin PBXFileReference section */
		9B8393722834C88A00460DAD /* barbershop.app */ = {isa = PBXFileReference; explicitFileType = wrapper.application; includeInIndex = 0; path = barbershop.app; sourceTree = BUILT_PRODUCTS_DIR; };
		9B8393752834C88A00460DAD /* AppDelegate.swift */ = {isa = PBXFileReference; lastKnownFileType = sourcecode.swift; path = AppDelegate.swift; sourceTree = "<group>"; };
		9B8393772834C88A00460DAD /* SceneDelegate.swift */ = {isa = PBXFileReference; lastKnownFileType = sourcecode.swift; path = SceneDelegate.swift; sourceTree = "<group>"; };
		9B8393792834C88A00460DAD /* ViewController.swift */ = {isa = PBXFileReference; lastKnownFileType = sourcecode.swift; path = ViewController.swift; sourceTree = "<group>"; };
		9B83937C2834C88A00460DAD /* Base */ = {isa = PBXFileReference; lastKnownFileType = file.storyboard; name = Base; path = Base.lproj/Main.storyboard; sourceTree = "<group>"; };
		9B83937E2834C88B00460DAD /* Assets.xcassets */ = {isa = PBXFileReference; lastKnownFileType = folder.assetcatalog; path = Assets.xcassets; sourceTree = "<group>"; };
		9B8393812834C88B00460DAD /* Base */ = {isa = PBXFileReference; lastKnownFileType = file.storyboard; name = Base; path = Base.lproj/LaunchScreen.storyboard; sourceTree = "<group>"; };
		9B8393832834C88B00460DAD /* Info.plist */ = {isa = PBXFileReference; lastKnownFileType = text.plist.xml; path = Info.plist; sourceTree = "<group>"; };
		9B8393882834C88B00460DAD /* barbershopTests.xctest */ = {isa = PBXFileReference; explicitFileType = wrapper.cfbundle; includeInIndex = 0; path = barbershopTests.xctest; sourceTree = BUILT_PRODUCTS_DIR; };
		9B83938C2834C88B00460DAD /* barbershopTests.swift */ = {isa = PBXFileReference; lastKnownFileType = sourcecode.swift; path = barbershopTests.swift; sourceTree = "<group>"; };
		9B8393922834C88B00460DAD /* barbershopUITests.xctest */ = {isa = PBXFileReference; explicitFileType = wrapper.cfbundle; includeInIndex = 0; path = barbershopUITests.xctest; sourceTree = BUILT_PRODUCTS_DIR; };
		9B8393962834C88B00460DAD /* barbershopUITests.swift */ = {isa = PBXFileReference; lastKnownFileType = sourcecode.swift; path = barbershopUITests.swift; sourceTree = "<group>"; };
		9B8393982834C88B00460DAD /* barbershopUITestsLaunchTests.swift */ = {isa = PBXFileReference; lastKnownFileType = sourcecode.swift; path = barbershopUITestsLaunchTests.swift; sourceTree = "<group>"; };
/* End PBXFileReference section */

/* Begin PBXFrameworksBuildPhase section */
		9B83936F2834C88A00460DAD /* Frameworks */ = {
			isa = PBXFrameworksBuildPhase;
			buildActionMask = 2147483647;
			files = (
			);
			runOnlyForDeploymentPostprocessing = 0;
		};
		9B8393852834C88B00460DAD /* Frameworks */ = {
			isa = PBXFrameworksBuildPhase;
			buildActionMask = 2147483647;
			files = (
			);
			runOnlyForDeploymentPostprocessing = 0;
		};
		9B83938F2834C88B00460DAD /* Frameworks */ = {
			isa = PBXFrameworksBuildPhase;
			buildActionMask = 2147483647;
			files = (
			);
			runOnlyForDeploymentPostprocessing = 0;
		};
/* End PBXFrameworksBuildPhase section */

/* Begin PBXGroup section */
		9B8393692834C88900460DAD = {
			isa = PBXGroup;
			children = (
				9B8393742834C88A00460DAD /* barbershop */,
				9B83938B2834C88B00460DAD /* barbershopTests */,
				9B8393952834C88B00460DAD /* barbershopUITests */,
				9B8393732834C88A00460DAD /* Products */,
			);
			sourceTree = "<group>";
		};
		9B8393732834C88A00460DAD /* Products */ = {
			isa = PBXGroup;
			children = (
				9B8393722834C88A00460DAD /* barbershop.app */,
				9B8393882834C88B00460DAD /* barbershopTests.xctest */,
				9B8393922834C88B00460DAD /* barbershopUITests.xctest */,
			);
			name = Products;
			sourceTree = "<group>";
		};
		9B8393742834C88A00460DAD /* barbershop */ = {
			isa = PBXGroup;
			children = (
				9B8393752834C88A00460DAD /* AppDelegate.swift */,
				9B8393772834C88A00460DAD /* SceneDelegate.swift */,
				9B8393792834C88A00460DAD /* ViewController.swift */,
				9B83937B2834C88A00460DAD /* Main.storyboard */,
				9B83937E2834C88B00460DAD /* Assets.xcassets */,
				9B8393802834C88B00460DAD /* LaunchScreen.storyboard */,
				9B8393832834C88B00460DAD /* Info.plist */,
			);
			path = barbershop;
			sourceTree = "<group>";
		};
		9B83938B2834C88B00460DAD /* barbershopTests */ = {
			isa = PBXGroup;
			children = (
				9B83938C2834C88B00460DAD /* barbershopTests.swift */,
			);
			path = barbershopTests;
			sourceTree = "<group>";
		};
		9B8393952834C88B00460DAD /* barbershopUITests */ = {
			isa = PBXGroup;
			children = (
				9B8393962834C88B00460DAD /* barbershopUITests.swift */,
				9B8393982834C88B00460DAD /* barbershopUITestsLaunchTests.swift */,
			);
			path = barbershopUITests;
			sourceTree = "<group>";
		};
/* End PBXGroup section */

/* Begin PBXNativeTarget section */
		9B8393712834C88A00460DAD /* barbershop */ = {
			isa = PBXNativeTarget;
			buildConfigurationList = 9B83939C2834C88B00460DAD /* Build configuration list for PBXNativeTarget "barbershop" */;
			buildPhases = (
				9B83936E2834C88A00460DAD /* Sources */,
				9B83936F2834C88A00460DAD /* Frameworks */,
				9B8393702834C88A00460DAD /* Resources */,
			);
			buildRules = (
			);
			dependencies = (
			);
			name = barbershop;
			productName = barbershop;
			productReference = 9B8393722834C88A00460DAD /* barbershop.app */;
			productType = "com.apple.product-type.application";
		};
		9B8393872834C88B00460DAD /* barbershopTests */ = {
			isa = PBXNativeTarget;
			buildConfigurationList = 9B83939F2834C88B00460DAD /* Build configuration list for PBXNativeTarget "barbershopTests" */;
			buildPhases = (
				9B8393842834C88B00460DAD /* Sources */,
				9B8393852834C88B00460DAD /* Frameworks */,
				9B8393862834C88B00460DAD /* Resources */,
			);
			buildRules = (
			);
			dependencies = (
				9B83938A2834C88B00460DAD /* PBXTargetDependency */,
			);
			name = barbershopTests;
			productName = barbershopTests;
			productReference = 9B8393882834C88B00460DAD /* barbershopTests.xctest */;
			productType = "com.apple.product-type.bundle.unit-test";
		};
		9B8393912834C88B00460DAD /* barbershopUITests */ = {
			isa = PBXNativeTarget;
			buildConfigurationList = 9B8393A22834C88B00460DAD /* Build configuration list for PBXNativeTarget "barbershopUITests" */;
			buildPhases = (
				9B83938E2834C88B00460DAD /* Sources */,
				9B83938F2834C88B00460DAD /* Frameworks */,
				9B8393902834C88B00460DAD /* Resources */,
			);
			buildRules = (
			);
			dependencies = (
				9B8393942834C88B00460DAD /* PBXTargetDependency */,
			);
			name = barbershopUITests;
			productName = barbershopUITests;
			productReference = 9B8393922834C88B00460DAD /* barbershopUITests.xctest */;
			productType = "com.apple.product-type.bundle.ui-testing";
		};
/* End PBXNativeTarget section */

/* Begin PBXProject section */
		9B83936A2834C88900460DAD /* Project object */ = {
			isa = PBXProject;
			attributes = {
				BuildIndependentTargetsInParallel = 1;
				LastSwiftUpdateCheck = 1340;
				LastUpgradeCheck = 1340;
				TargetAttributes = {
					9B8393712834C88A00460DAD = {
						CreatedOnToolsVersion = 13.4;
					};
					9B8393872834C88B00460DAD = {
						CreatedOnToolsVersion = 13.4;
						TestTargetID = 9B8393712834C88A00460DAD;
					};
					9B8393912834C88B00460DAD = {
						CreatedOnToolsVersion = 13.4;
						TestTargetID = 9B8393712834C88A00460DAD;
					};
				};
			};
			buildConfigurationList = 9B83936D2834C88900460DAD /* Build configuration list for PBXProject "barbershop" */;
			compatibilityVersion = "Xcode 13.0";
			developmentRegion = en;
			hasScannedForEncodings = 0;
			knownRegions = (
				en,
				Base,
			);
			mainGroup = 9B8393692834C88900460DAD;
			productRefGroup = 9B8393732834C88A00460DAD /* Products */;
			projectDirPath = "";
			projectRoot = "";
			targets = (
				9B8393712834C88A00460DAD /* barbershop */,
				9B8393872834C88B00460DAD /* barbershopTests */,
				9B8393912834C88B00460DAD /* barbershopUITests */,
			);
		};
/* End PBXProject section */

/* Begin PBXResourcesBuildPhase section */
		9B8393702834C88A00460DAD /* Resources */ = {
			isa = PBXResourcesBuildPhase;
			buildActionMask = 2147483647;
			files = (
				9B8393822834C88B00460DAD /* LaunchScreen.storyboard in Resources */,
				9B83937F2834C88B00460DAD /* Assets.xcassets in Resources */,
				9B83937D2834C88A00460DAD /* Main.storyboard in Resources */,
			);
			runOnlyForDeploymentPostprocessing = 0;
		};
		9B8393862834C88B00460DAD /* Resources */ = {
			isa = PBXResourcesBuildPhase;
			buildActionMask = 2147483647;
			files = (
			);
			runOnlyForDeploymentPostprocessing = 0;
		};
		9B8393902834C88B00460DAD /* Resources */ = {
			isa = PBXResourcesBuildPhase;
			buildActionMask = 2147483647;
			files = (
			);
			runOnlyForDeploymentPostprocessing = 0;
		};
/* End PBXResourcesBuildPhase section */

/* Begin PBXSourcesBuildPhase section */
		9B83936E2834C88A00460DAD /* Sources */ = {
			isa = PBXSourcesBuildPhase;
			buildActionMask = 2147483647;
			files = (
				9B83937A2834C88A00460DAD /* ViewController.swift in Sources */,
				9B8393762834C88A00460DAD /* AppDelegate.swift in Sources */,
				9B8393782834C88A00460DAD /* SceneDelegate.swift in Sources */,
			);
			runOnlyForDeploymentPostprocessing = 0;
		};
		9B8393842834C88B00460DAD /* Sources */ = {
			isa = PBXSourcesBuildPhase;
			buildActionMask = 2147483647;
			files = (
				9B83938D2834C88B00460DAD /* barbershopTests.swift in Sources */,
			);
			runOnlyForDeploymentPostprocessing = 0;
		};
		9B83938E2834C88B00460DAD /* Sources */ = {
			isa = PBXSourcesBuildPhase;
			buildActionMask = 2147483647;
			files = (
				9B8393992834C88B00460DAD /* barbershopUITestsLaunchTests.swift in Sources */,
				9B8393972834C88B00460DAD /* barbershopUITests.swift in Sources */,
			);
			runOnlyForDeploymentPostprocessing = 0;
		};
/* End PBXSourcesBuildPhase section */

/* Begin PBXTargetDependency section */
		9B83938A2834C88B00460DAD /* PBXTargetDependency */ = {
			isa = PBXTargetDependency;
			target = 9B8393712834C88A00460DAD /* barbershop */;
			targetProxy = 9B8393892834C88B00460DAD /* PBXContainerItemProxy */;
		};
		9B8393942834C88B00460DAD /* PBXTargetDependency */ = {
			isa = PBXTargetDependency;
			target = 9B8393712834C88A00460DAD /* barbershop */;
			targetProxy = 9B8393932834C88B00460DAD /* PBXContainerItemProxy */;
		};
/* End PBXTargetDependency section */

/* Begin PBXVariantGroup section */
		9B83937B2834C88A00460DAD /* Main.storyboard */ = {
			isa = PBXVariantGroup;
			children = (
				9B83937C2834C88A00460DAD /* Base */,
			);
			name = Main.storyboard;
			sourceTree = "<group>";
		};
		9B8393802834C88B00460DAD /* LaunchScreen.storyboard */ = {
			isa = PBXVariantGroup;
			children = (
				9B8393812834C88B00460DAD /* Base */,
			);
			name = LaunchScreen.storyboard;
			sourceTree = "<group>";
		};
/* End PBXVariantGroup section */

/* Begin XCBuildConfiguration section */
		9B83939A2834C88B00460DAD /* Debug */ = {
			isa = XCBuildConfiguration;
			buildSettings = {
				ALWAYS_SEARCH_USER_PATHS = NO;
				CLANG_ANALYZER_NONNULL = YES;
				CLANG_ANALYZER_NUMBER_OBJECT_CONVERSION = YES_AGGRESSIVE;
				CLANG_CXX_LANGUAGE_STANDARD = "gnu++17";
				CLANG_ENABLE_MODULES = YES;
				CLANG_ENABLE_OBJC_ARC = YES;
				CLANG_ENABLE_OBJC_WEAK = YES;
				CLANG_WARN_BLOCK_CAPTURE_AUTORELEASING = YES;
				CLANG_WARN_BOOL_CONVERSION = YES;
				CLANG_WARN_COMMA = YES;
				CLANG_WARN_CONSTANT_CONVERSION = YES;
				CLANG_WARN_DEPRECATED_OBJC_IMPLEMENTATIONS = YES;
				CLANG_WARN_DIRECT_OBJC_ISA_USAGE = YES_ERROR;
				CLANG_WARN_DOCUMENTATION_COMMENTS = YES;
				CLANG_WARN_EMPTY_BODY = YES;
				CLANG_WARN_ENUM_CONVERSION = YES;
				CLANG_WARN_INFINITE_RECURSION = YES;
				CLANG_WARN_INT_CONVERSION = YES;
				CLANG_WARN_NON_LITERAL_NULL_CONVERSION = YES;
				CLANG_WARN_OBJC_IMPLICIT_RETAIN_SELF = YES;
				CLANG_WARN_OBJC_LITERAL_CONVERSION = YES;
				CLANG_WARN_OBJC_ROOT_CLASS = YES_ERROR;
				CLANG_WARN_QUOTED_INCLUDE_IN_FRAMEWORK_HEADER = YES;
				CLANG_WARN_RANGE_LOOP_ANALYSIS = YES;
				CLANG_WARN_STRICT_PROTOTYPES = YES;
				CLANG_WARN_SUSPICIOUS_MOVE = YES;
				CLANG_WARN_UNGUARDED_AVAILABILITY = YES_AGGRESSIVE;
				CLANG_WARN_UNREACHABLE_CODE = YES;
				CLANG_WARN__DUPLICATE_METHOD_MATCH = YES;
				COPY_PHASE_STRIP = NO;
				DEBUG_INFORMATION_FORMAT = dwarf;
				ENABLE_STRICT_OBJC_MSGSEND = YES;
				ENABLE_TESTABILITY = YES;
				GCC_C_LANGUAGE_STANDARD = gnu11;
				GCC_DYNAMIC_NO_PIC = NO;
				GCC_NO_COMMON_BLOCKS = YES;
				GCC_OPTIMIZATION_LEVEL = 0;
				GCC_PREPROCESSOR_DEFINITIONS = (
					"DEBUG=1",
					"$(inherited)",
				);
				GCC_WARN_64_TO_32_BIT_CONVERSION = YES;
				GCC_WARN_ABOUT_RETURN_TYPE = YES_ERROR;
				GCC_WARN_UNDECLARED_SELECTOR = YES;
				GCC_WARN_UNINITIALIZED_AUTOS = YES_AGGRESSIVE;
				GCC_WARN_UNUSED_FUNCTION = YES;
				GCC_WARN_UNUSED_VARIABLE = YES;
				IPHONEOS_DEPLOYMENT_TARGET = 15.5;
				MTL_ENABLE_DEBUG_INFO = INCLUDE_SOURCE;
				MTL_FAST_MATH = YES;
				ONLY_ACTIVE_ARCH = YES;
				SDKROOT = iphoneos;
				SWIFT_ACTIVE_COMPILATION_CONDITIONS = DEBUG;
				SWIFT_OPTIMIZATION_LEVEL = "-Onone";
			};
			name = Debug;
		};
		9B83939B2834C88B00460DAD /* Release */ = {
			isa = XCBuildConfiguration;
			buildSettings = {
				ALWAYS_SEARCH_USER_PATHS = NO;
				CLANG_ANALYZER_NONNULL = YES;
				CLANG_ANALYZER_NUMBER_OBJECT_CONVERSION = YES_AGGRESSIVE;
				CLANG_CXX_LANGUAGE_STANDARD = "gnu++17";
				CLANG_ENABLE_MODULES = YES;
				CLANG_ENABLE_OBJC_ARC = YES;
				CLANG_ENABLE_OBJC_WEAK = YES;
				CLANG_WARN_BLOCK_CAPTURE_AUTORELEASING = YES;
				CLANG_WARN_BOOL_CONVERSION = YES;
				CLANG_WARN_COMMA = YES;
				CLANG_WARN_CONSTANT_CONVERSION = YES;
				CLANG_WARN_DEPRECATED_OBJC_IMPLEMENTATIONS = YES;
				CLANG_WARN_DIRECT_OBJC_ISA_USAGE = YES_ERROR;
				CLANG_WARN_DOCUMENTATION_COMMENTS = YES;
				CLANG_WARN_EMPTY_BODY = YES;
				CLANG_WARN_ENUM_CONVERSION = YES;
				CLANG_WARN_INFINITE_RECURSION = YES;
				CLANG_WARN_INT_CONVERSION = YES;
				CLANG_WARN_NON_LITERAL_NULL_CONVERSION = YES;
				CLANG_WARN_OBJC_IMPLICIT_RETAIN_SELF = YES;
				CLANG_WARN_OBJC_LITERAL_CONVERSION = YES;
				CLANG_WARN_OBJC_ROOT_CLASS = YES_ERROR;
				CLANG_WARN_QUOTED_INCLUDE_IN_FRAMEWORK_HEADER = YES;
				CLANG_WARN_RANGE_LOOP_ANALYSIS = YES;
				CLANG_WARN_STRICT_PROTOTYPES = YES;
				CLANG_WARN_SUSPICIOUS_MOVE = YES;
				CLANG_WARN_UNGUARDED_AVAILABILITY = YES_AGGRESSIVE;
				CLANG_WARN_UNREACHABLE_CODE = YES;
				CLANG_WARN__DUPLICATE_METHOD_MATCH = YES;
				COPY_PHASE_STRIP = NO;
				DEBUG_INFORMATION_FORMAT = "dwarf-with-dsym";
				ENABLE_NS_ASSERTIONS = NO;
				ENABLE_STRICT_OBJC_MSGSEND = YES;
				GCC_C_LANGUAGE_STANDARD = gnu11;
				GCC_NO_COMMON_BLOCKS = YES;
				GCC_WARN_64_TO_32_BIT_CONVERSION = YES;
				GCC_WARN_ABOUT_RETURN_TYPE = YES_ERROR;
				GCC_WARN_UNDECLARED_SELECTOR = YES;
				GCC_WARN_UNINITIALIZED_AUTOS = YES_AGGRESSIVE;
				GCC_WARN_UNUSED_FUNCTION = YES;
				GCC_WARN_UNUSED_VARIABLE = YES;
				IPHONEOS_DEPLOYMENT_TARGET = 15.5;
				MTL_ENABLE_DEBUG_INFO = NO;
				MTL_FAST_MATH = YES;
				SDKROOT = iphoneos;
				SWIFT_COMPILATION_MODE = wholemodule;
				SWIFT_OPTIMIZATION_LEVEL = "-O";
				VALIDATE_PRODUCT = YES;
			};
			name = Release;
		};
		9B83939D2834C88B00460DAD /* Debug */ = {
			isa = XCBuildConfiguration;
			buildSettings = {
				ASSETCATALOG_COMPILER_APPICON_NAME = AppIcon;
				ASSETCATALOG_COMPILER_GLOBAL_ACCENT_COLOR_NAME = AccentColor;
				CODE_SIGN_STYLE = Automatic;
				CURRENT_PROJECT_VERSION = 1;
				GENERATE_INFOPLIST_FILE = YES;
				INFOPLIST_FILE = barbershop/Info.plist;
				INFOPLIST_KEY_UIApplicationSupportsIndirectInputEvents = YES;
				INFOPLIST_KEY_UILaunchStoryboardName = LaunchScreen;
				INFOPLIST_KEY_UIMainStoryboardFile = Main;
				INFOPLIST_KEY_UISupportedInterfaceOrientations_iPad = "UIInterfaceOrientationPortrait UIInterfaceOrientationPortraitUpsideDown UIInterfaceOrientationLandscapeLeft UIInterfaceOrientationLandscapeRight";
				INFOPLIST_KEY_UISupportedInterfaceOrientations_iPhone = "UIInterfaceOrientationPortrait UIInterfaceOrientationLandscapeLeft UIInterfaceOrientationLandscapeRight";
				LD_RUNPATH_SEARCH_PATHS = (
					"$(inherited)",
					"@executable_path/Frameworks",
				);
				MARKETING_VERSION = 1.0;
				PRODUCT_BUNDLE_IDENTIFIER = vn.edu.tdc.barbershop;
				PRODUCT_NAME = "$(TARGET_NAME)";
				SWIFT_EMIT_LOC_STRINGS = YES;
				SWIFT_VERSION = 5.0;
				TARGETED_DEVICE_FAMILY = "1,2";
			};
			name = Debug;
		};
		9B83939E2834C88B00460DAD /* Release */ = {
			isa = XCBuildConfiguration;
			buildSettings = {
				ASSETCATALOG_COMPILER_APPICON_NAME = AppIcon;
				ASSETCATALOG_COMPILER_GLOBAL_ACCENT_COLOR_NAME = AccentColor;
				CODE_SIGN_STYLE = Automatic;
				CURRENT_PROJECT_VERSION = 1;
				GENERATE_INFOPLIST_FILE = YES;
				INFOPLIST_FILE = barbershop/Info.plist;
				INFOPLIST_KEY_UIApplicationSupportsIndirectInputEvents = YES;
				INFOPLIST_KEY_UILaunchStoryboardName = LaunchScreen;
				INFOPLIST_KEY_UIMainStoryboardFile = Main;
				INFOPLIST_KEY_UISupportedInterfaceOrientations_iPad = "UIInterfaceOrientationPortrait UIInterfaceOrientationPortraitUpsideDown UIInterfaceOrientationLandscapeLeft UIInterfaceOrientationLandscapeRight";
				INFOPLIST_KEY_UISupportedInterfaceOrientations_iPhone = "UIInterfaceOrientationPortrait UIInterfaceOrientationLandscapeLeft UIInterfaceOrientationLandscapeRight";
				LD_RUNPATH_SEARCH_PATHS = (
					"$(inherited)",
					"@executable_path/Frameworks",
				);
				MARKETING_VERSION = 1.0;
				PRODUCT_BUNDLE_IDENTIFIER = vn.edu.tdc.barbershop;
				PRODUCT_NAME = "$(TARGET_NAME)";
				SWIFT_EMIT_LOC_STRINGS = YES;
				SWIFT_VERSION = 5.0;
				TARGETED_DEVICE_FAMILY = "1,2";
			};
			name = Release;
		};
		9B8393A02834C88B00460DAD /* Debug */ = {
			isa = XCBuildConfiguration;
			buildSettings = {
				ALWAYS_EMBED_SWIFT_STANDARD_LIBRARIES = YES;
				BUNDLE_LOADER = "$(TEST_HOST)";
				CODE_SIGN_STYLE = Automatic;
				CURRENT_PROJECT_VERSION = 1;
				GENERATE_INFOPLIST_FILE = YES;
				IPHONEOS_DEPLOYMENT_TARGET = 15.5;
				MARKETING_VERSION = 1.0;
				PRODUCT_BUNDLE_IDENTIFIER = vn.edu.tdc.barbershopTests;
				PRODUCT_NAME = "$(TARGET_NAME)";
				SWIFT_EMIT_LOC_STRINGS = NO;
				SWIFT_VERSION = 5.0;
				TARGETED_DEVICE_FAMILY = "1,2";
				TEST_HOST = "$(BUILT_PRODUCTS_DIR)/barbershop.app/barbershop";
			};
			name = Debug;
		};
		9B8393A12834C88B00460DAD /* Release */ = {
			isa = XCBuildConfiguration;
			buildSettings = {
				ALWAYS_EMBED_SWIFT_STANDARD_LIBRARIES = YES;
				BUNDLE_LOADER = "$(TEST_HOST)";
				CODE_SIGN_STYLE = Automatic;
				CURRENT_PROJECT_VERSION = 1;
				GENERATE_INFOPLIST_FILE = YES;
				IPHONEOS_DEPLOYMENT_TARGET = 15.5;
				MARKETING_VERSION = 1.0;
				PRODUCT_BUNDLE_IDENTIFIER = vn.edu.tdc.barbershopTests;
				PRODUCT_NAME = "$(TARGET_NAME)";
				SWIFT_EMIT_LOC_STRINGS = NO;
				SWIFT_VERSION = 5.0;
				TARGETED_DEVICE_FAMILY = "1,2";
				TEST_HOST = "$(BUILT_PRODUCTS_DIR)/barbershop.app/barbershop";
			};
			name = Release;
		};
		9B8393A32834C88B00460DAD /* Debug */ = {
			isa = XCBuildConfiguration;
			buildSettings = {
				ALWAYS_EMBED_SWIFT_STANDARD_LIBRARIES = YES;
				CODE_SIGN_STYLE = Automatic;
				CURRENT_PROJECT_VERSION = 1;
				GENERATE_INFOPLIST_FILE = YES;
				MARKETING_VERSION = 1.0;
				PRODUCT_BUNDLE_IDENTIFIER = vn.edu.tdc.barbershopUITests;
				PRODUCT_NAME = "$(TARGET_NAME)";
				SWIFT_EMIT_LOC_STRINGS = NO;
				SWIFT_VERSION = 5.0;
				TARGETED_DEVICE_FAMILY = "1,2";
				TEST_TARGET_NAME = barbershop;
			};
			name = Debug;
		};
		9B8393A42834C88B00460DAD /* Release */ = {
			isa = XCBuildConfiguration;
			buildSettings = {
				ALWAYS_EMBED_SWIFT_STANDARD_LIBRARIES = YES;
				CODE_SIGN_STYLE = Automatic;
				CURRENT_PROJECT_VERSION = 1;
				GENERATE_INFOPLIST_FILE = YES;
				MARKETING_VERSION = 1.0;
				PRODUCT_BUNDLE_IDENTIFIER = vn.edu.tdc.barbershopUITests;
				PRODUCT_NAME = "$(TARGET_NAME)";
				SWIFT_EMIT_LOC_STRINGS = NO;
				SWIFT_VERSION = 5.0;
				TARGETED_DEVICE_FAMILY = "1,2";
				TEST_TARGET_NAME = barbershop;
			};
			name = Release;
		};
/* End XCBuildConfiguration section */

/* Begin XCConfigurationList section */
		9B83936D2834C88900460DAD /* Build configuration list for PBXProject "barbershop" */ = {
			isa = XCConfigurationList;
			buildConfigurations = (
				9B83939A2834C88B00460DAD /* Debug */,
				9B83939B2834C88B00460DAD /* Release */,
			);
			defaultConfigurationIsVisible = 0;
			defaultConfigurationName = Release;
		};
		9B83939C2834C88B00460DAD /* Build configuration list for PBXNativeTarget "barbershop" */ = {
			isa = XCConfigurationList;
			buildConfigurations = (
				9B83939D2834C88B00460DAD /* Debug */,
				9B83939E2834C88B00460DAD /* Release */,
			);
			defaultConfigurationIsVisible = 0;
			defaultConfigurationName = Release;
		};
		9B83939F2834C88B00460DAD /* Build configuration list for PBXNativeTarget "barbershopTests" */ = {
			isa = XCConfigurationList;
			buildConfigurations = (
				9B8393A02834C88B00460DAD /* Debug */,
				9B8393A12834C88B00460DAD /* Release */,
			);
			defaultConfigurationIsVisible = 0;
			defaultConfigurationName = Release;
		};
		9B8393A22834C88B00460DAD /* Build configuration list for PBXNativeTarget "barbershopUITests" */ = {
			isa = XCConfigurationList;
			buildConfigurations = (
				9B8393A32834C88B00460DAD /* Debug */,
				9B8393A42834C88B00460DAD /* Release */,
			);
			defaultConfigurationIsVisible = 0;
			defaultConfigurationName = Release;
		};
/* End XCConfigurationList section */
	};
	rootObject = 9B83936A2834C88900460DAD /* Project object */;
}
